// !$*UTF8*$!
{
	archiveVersion = 1;
	classes = {
	};
	objectVersion = 56;
	objects = {

/* Begin PBXBuildFile section */
		BC8B371D2BDACE1F009EAFCF /* ElasticScrollApp.swift in Sources */ = {isa = PBXBuildFile; fileRef = BC8B371C2BDACE1F009EAFCF /* ElasticScrollApp.swift */; };
		BC8B371F2BDACE1F009EAFCF /* ContentView.swift in Sources */ = {isa = PBXBuildFile; fileRef = BC8B371E2BDACE1F009EAFCF /* ContentView.swift */; };
		BC8B37212BDACE21009EAFCF /* Assets.xcassets in Resources */ = {isa = PBXBuildFile; fileRef = BC8B37202BDACE21009EAFCF /* Assets.xcassets */; };
		BC8B37242BDACE21009EAFCF /* Preview Assets.xcassets in Resources */ = {isa = PBXBuildFile; fileRef = BC8B37232BDACE21009EAFCF /* Preview Assets.xcassets */; };
		BCFCDD682BDAD35C00F49C27 /* Message.swift in Sources */ = {isa = PBXBuildFile; fileRef = BCFCDD672BDAD35C00F49C27 /* Message.swift */; };
		BCFCDD6A2BDAD64600F49C27 /* HomeView.swift in Sources */ = {isa = PBXBuildFile; fileRef = BCFCDD692BDAD64600F49C27 /* HomeView.swift */; };
		BCFCDD6D2BDADC9400F49C27 /* OffsetHelper.swift in Sources */ = {isa = PBXBuildFile; fileRef = BCFCDD6C2BDADC9400F49C27 /* OffsetHelper.swift */; };
		BCFCDD6F2BDADFCC00F49C27 /* View+Extensions.swift in Sources */ = {isa = PBXBuildFile; fileRef = BCFCDD6E2BDADFCC00F49C27 /* View+Extensions.swift */; };
/* End PBXBuildFile section */

/* Begin PBXFileReference section */
		BC8B37192BDACE1F009EAFCF /* ElasticScroll.app */ = {isa = PBXFileReference; explicitFileType = wrapper.application; includeInIndex = 0; path = ElasticScroll.app; sourceTree = BUILT_PRODUCTS_DIR; };
		BC8B371C2BDACE1F009EAFCF /* ElasticScrollApp.swift */ = {isa = PBXFileReference; lastKnownFileType = sourcecode.swift; path = ElasticScrollApp.swift; sourceTree = "<group>"; };
		BC8B371E2BDACE1F009EAFCF /* ContentView.swift */ = {isa = PBXFileReference; lastKnownFileType = sourcecode.swift; path = ContentView.swift; sourceTree = "<group>"; };
		BC8B37202BDACE21009EAFCF /* Assets.xcassets */ = {isa = PBXFileReference; lastKnownFileType = folder.assetcatalog; path = Assets.xcassets; sourceTree = "<group>"; };
		BC8B37232BDACE21009EAFCF /* Preview Assets.xcassets */ = {isa = PBXFileReference; lastKnownFileType = folder.assetcatalog; path = "Preview Assets.xcassets"; sourceTree = "<group>"; };
		BCFCDD672BDAD35C00F49C27 /* Message.swift */ = {isa = PBXFileReference; lastKnownFileType = sourcecode.swift; path = Message.swift; sourceTree = "<group>"; };
		BCFCDD692BDAD64600F49C27 /* HomeView.swift */ = {isa = PBXFileReference; lastKnownFileType = sourcecode.swift; path = HomeView.swift; sourceTree = "<group>"; };
		BCFCDD6C2BDADC9400F49C27 /* OffsetHelper.swift */ = {isa = PBXFileReference; lastKnownFileType = sourcecode.swift; path = OffsetHelper.swift; sourceTree = "<group>"; };
		BCFCDD6E2BDADFCC00F49C27 /* View+Extensions.swift */ = {isa = PBXFileReference; lastKnownFileType = sourcecode.swift; path = "View+Extensions.swift"; sourceTree = "<group>"; };
/* End PBXFileReference section */

/* Begin PBXFrameworksBuildPhase section */
		BC8B37162BDACE1F009EAFCF /* Frameworks */ = {
			isa = PBXFrameworksBuildPhase;
			buildActionMask = 2147483647;
			files = (
			);
			runOnlyForDeploymentPostprocessing = 0;
		};
/* End PBXFrameworksBuildPhase section */

/* Begin PBXGroup section */
		BC8B37102BDACE1F009EAFCF = {
			isa = PBXGroup;
			children = (
				BC8B371B2BDACE1F009EAFCF /* ElasticScroll */,
				BC8B371A2BDACE1F009EAFCF /* Products */,
			);
			sourceTree = "<group>";
		};
		BC8B371A2BDACE1F009EAFCF /* Products */ = {
			isa = PBXGroup;
			children = (
				BC8B37192BDACE1F009EAFCF /* ElasticScroll.app */,
			);
			name = Products;
			sourceTree = "<group>";
		};
		BC8B371B2BDACE1F009EAFCF /* ElasticScroll */ = {
			isa = PBXGroup;
			children = (
				BCFCDD6B2BDADC7900F49C27 /* Helpers */,
				BCFCDD662BDAD33C00F49C27 /* View */,
				BCFCDD652BDAD33200F49C27 /* Model */,
				BC8B371C2BDACE1F009EAFCF /* ElasticScrollApp.swift */,
				BC8B371E2BDACE1F009EAFCF /* ContentView.swift */,
				BC8B37202BDACE21009EAFCF /* Assets.xcassets */,
				BC8B37222BDACE21009EAFCF /* Preview Content */,
			);
			path = ElasticScroll;
			sourceTree = "<group>";
		};
		BC8B37222BDACE21009EAFCF /* Preview Content */ = {
			isa = PBXGroup;
			children = (
				BC8B37232BDACE21009EAFCF /* Preview Assets.xcassets */,
			);
			path = "Preview Content";
			sourceTree = "<group>";
		};
		BCFCDD652BDAD33200F49C27 /* Model */ = {
			isa = PBXGroup;
			children = (
				BCFCDD672BDAD35C00F49C27 /* Message.swift */,
			);
			path = Model;
			sourceTree = "<group>";
		};
		BCFCDD662BDAD33C00F49C27 /* View */ = {
			isa = PBXGroup;
			children = (
				BCFCDD692BDAD64600F49C27 /* HomeView.swift */,
			);
			path = View;
			sourceTree = "<group>";
		};
		BCFCDD6B2BDADC7900F49C27 /* Helpers */ = {
			isa = PBXGroup;
			children = (
				BCFCDD6C2BDADC9400F49C27 /* OffsetHelper.swift */,
				BCFCDD6E2BDADFCC00F49C27 /* View+Extensions.swift */,
			);
			path = Helpers;
			sourceTree = "<group>";
		};
/* End PBXGroup section */

/* Begin PBXNativeTarget section */
		BC8B37182BDACE1F009EAFCF /* ElasticScroll */ = {
			isa = PBXNativeTarget;
			buildConfigurationList = BC8B37272BDACE21009EAFCF /* Build configuration list for PBXNativeTarget "ElasticScroll" */;
			buildPhases = (
				BC8B37152BDACE1F009EAFCF /* Sources */,
				BC8B37162BDACE1F009EAFCF /* Frameworks */,
				BC8B37172BDACE1F009EAFCF /* Resources */,
			);
			buildRules = (
			);
			dependencies = (
			);
			name = ElasticScroll;
			productName = ElasticScroll;
			productReference = BC8B37192BDACE1F009EAFCF /* ElasticScroll.app */;
			productType = "com.apple.product-type.application";
		};
/* End PBXNativeTarget section */

/* Begin PBXProject section */
		BC8B37112BDACE1F009EAFCF /* Project object */ = {
			isa = PBXProject;
			attributes = {
				BuildIndependentTargetsInParallel = 1;
				LastSwiftUpdateCheck = 1500;
				LastUpgradeCheck = 1500;
				TargetAttributes = {
					BC8B37182BDACE1F009EAFCF = {
						CreatedOnToolsVersion = 15.0.1;
					};
				};
			};
			buildConfigurationList = BC8B37142BDACE1F009EAFCF /* Build configuration list for PBXProject "ElasticScroll" */;
			compatibilityVersion = "Xcode 14.0";
			developmentRegion = en;
			hasScannedForEncodings = 0;
			knownRegions = (
				en,
				Base,
			);
			mainGroup = BC8B37102BDACE1F009EAFCF;
			productRefGroup = BC8B371A2BDACE1F009EAFCF /* Products */;
			projectDirPath = "";
			projectRoot = "";
			targets = (
				BC8B37182BDACE1F009EAFCF /* ElasticScroll */,
			);
		};
/* End PBXProject section */

/* Begin PBXResourcesBuildPhase section */
		BC8B37172BDACE1F009EAFCF /* Resources */ = {
			isa = PBXResourcesBuildPhase;
			buildActionMask = 2147483647;
			files = (
				BC8B37242BDACE21009EAFCF /* Preview Assets.xcassets in Resources */,
				BC8B37212BDACE21009EAFCF /* Assets.xcassets in Resources */,
			);
			runOnlyForDeploymentPostprocessing = 0;
		};
/* End PBXResourcesBuildPhase section */

/* Begin PBXSourcesBuildPhase section */
		BC8B37152BDACE1F009EAFCF /* Sources */ = {
			isa = PBXSourcesBuildPhase;
			buildActionMask = 2147483647;
			files = (
				BCFCDD682BDAD35C00F49C27 /* Message.swift in Sources */,
				BCFCDD6D2BDADC9400F49C27 /* OffsetHelper.swift in Sources */,
				BCFCDD6A2BDAD64600F49C27 /* HomeView.swift in Sources */,
				BC8B371F2BDACE1F009EAFCF /* ContentView.swift in Sources */,
				BCFCDD6F2BDADFCC00F49C27 /* View+Extensions.swift in Sources */,
				BC8B371D2BDACE1F009EAFCF /* ElasticScrollApp.swift in Sources */,
			);
			runOnlyForDeploymentPostprocessing = 0;
		};
/* End PBXSourcesBuildPhase section */

/* Begin XCBuildConfiguration section */
		BC8B37252BDACE21009EAFCF /* Debug */ = {
			isa = XCBuildConfiguration;
			buildSettings = {
				ALWAYS_SEARCH_USER_PATHS = NO;
				ASSETCATALOG_COMPILER_GENERATE_SWIFT_ASSET_SYMBOL_EXTENSIONS = YES;
				CLANG_ANALYZER_NONNULL = YES;
				CLANG_ANALYZER_NUMBER_OBJECT_CONVERSION = YES_AGGRESSIVE;
				CLANG_CXX_LANGUAGE_STANDARD = "gnu++20";
				CLANG_ENABLE_MODULES = YES;
				CLANG_ENABLE_OBJC_ARC = YES;
				CLANG_ENABLE_OBJC_WEAK = YES;
				CLANG_WARN_BLOCK_CAPTURE_AUTORELEASING = YES;
				CLANG_WARN_BOOL_CONVERSION = YES;
				CLANG_WARN_COMMA = YES;
				CLANG_WARN_CONSTANT_CONVERSION = YES;
				CLANG_WARN_DEPRECATED_OBJC_IMPLEMENTATIONS = YES;
				CLANG_WARN_DIRECT_OBJC_ISA_USAGE = YES_ERROR;
				CLANG_WARN_DOCUMENTATION_COMMENTS = YES;
				CLANG_WARN_EMPTY_BODY = YES;
				CLANG_WARN_ENUM_CONVERSION = YES;
				CLANG_WARN_INFINITE_RECURSION = YES;
				CLANG_WARN_INT_CONVERSION = YES;
				CLANG_WARN_NON_LITERAL_NULL_CONVERSION = YES;
				CLANG_WARN_OBJC_IMPLICIT_RETAIN_SELF = YES;
				CLANG_WARN_OBJC_LITERAL_CONVERSION = YES;
				CLANG_WARN_OBJC_ROOT_CLASS = YES_ERROR;
				CLANG_WARN_QUOTED_INCLUDE_IN_FRAMEWORK_HEADER = YES;
				CLANG_WARN_RANGE_LOOP_ANALYSIS = YES;
				CLANG_WARN_STRICT_PROTOTYPES = YES;
				CLANG_WARN_SUSPICIOUS_MOVE = YES;
				CLANG_WARN_UNGUARDED_AVAILABILITY = YES_AGGRESSIVE;
				CLANG_WARN_UNREACHABLE_CODE = YES;
				CLANG_WARN__DUPLICATE_METHOD_MATCH = YES;
				COPY_PHASE_STRIP = NO;
				DEBUG_INFORMATION_FORMAT = dwarf;
				ENABLE_STRICT_OBJC_MSGSEND = YES;
				ENABLE_TESTABILITY = YES;
				ENABLE_USER_SCRIPT_SANDBOXING = YES;
				GCC_C_LANGUAGE_STANDARD = gnu17;
				GCC_DYNAMIC_NO_PIC = NO;
				GCC_NO_COMMON_BLOCKS = YES;
				GCC_OPTIMIZATION_LEVEL = 0;
				GCC_PREPROCESSOR_DEFINITIONS = (
					"DEBUG=1",
					"$(inherited)",
				);
				GCC_WARN_64_TO_32_BIT_CONVERSION = YES;
				GCC_WARN_ABOUT_RETURN_TYPE = YES_ERROR;
				GCC_WARN_UNDECLARED_SELECTOR = YES;
				GCC_WARN_UNINITIALIZED_AUTOS = YES_AGGRESSIVE;
				GCC_WARN_UNUSED_FUNCTION = YES;
				GCC_WARN_UNUSED_VARIABLE = YES;
				IPHONEOS_DEPLOYMENT_TARGET = 17.0;
				LOCALIZATION_PREFERS_STRING_CATALOGS = YES;
				MTL_ENABLE_DEBUG_INFO = INCLUDE_SOURCE;
				MTL_FAST_MATH = YES;
				ONLY_ACTIVE_ARCH = YES;
				SDKROOT = iphoneos;
				SWIFT_ACTIVE_COMPILATION_CONDITIONS = "DEBUG $(inherited)";
				SWIFT_OPTIMIZATION_LEVEL = "-Onone";
			};
			name = Debug;
		};
		BC8B37262BDACE21009EAFCF /* Release */ = {
			isa = XCBuildConfiguration;
			buildSettings = {
				ALWAYS_SEARCH_USER_PATHS = NO;
				ASSETCATALOG_COMPILER_GENERATE_SWIFT_ASSET_SYMBOL_EXTENSIONS = YES;
				CLANG_ANALYZER_NONNULL = YES;
				CLANG_ANALYZER_NUMBER_OBJECT_CONVERSION = YES_AGGRESSIVE;
				CLANG_CXX_LANGUAGE_STANDARD = "gnu++20";
				CLANG_ENABLE_MODULES = YES;
				CLANG_ENABLE_OBJC_ARC = YES;
				CLANG_ENABLE_OBJC_WEAK = YES;
				CLANG_WARN_BLOCK_CAPTURE_AUTORELEASING = YES;
				CLANG_WARN_BOOL_CONVERSION = YES;
				CLANG_WARN_COMMA = YES;
				CLANG_WARN_CONSTANT_CONVERSION = YES;
				CLANG_WARN_DEPRECATED_OBJC_IMPLEMENTATIONS = YES;
				CLANG_WARN_DIRECT_OBJC_ISA_USAGE = YES_ERROR;
				CLANG_WARN_DOCUMENTATION_COMMENTS = YES;
				CLANG_WARN_EMPTY_BODY = YES;
				CLANG_WARN_ENUM_CONVERSION = YES;
				CLANG_WARN_INFINITE_RECURSION = YES;
				CLANG_WARN_INT_CONVERSION = YES;
				CLANG_WARN_NON_LITERAL_NULL_CONVERSION = YES;
				CLANG_WARN_OBJC_IMPLICIT_RETAIN_SELF = YES;
				CLANG_WARN_OBJC_LITERAL_CONVERSION = YES;
				CLANG_WARN_OBJC_ROOT_CLASS = YES_ERROR;
				CLANG_WARN_QUOTED_INCLUDE_IN_FRAMEWORK_HEADER = YES;
				CLANG_WARN_RANGE_LOOP_ANALYSIS = YES;
				CLANG_WARN_STRICT_PROTOTYPES = YES;
				CLANG_WARN_SUSPICIOUS_MOVE = YES;
				CLANG_WARN_UNGUARDED_AVAILABILITY = YES_AGGRESSIVE;
				CLANG_WARN_UNREACHABLE_CODE = YES;
				CLANG_WARN__DUPLICATE_METHOD_MATCH = YES;
				COPY_PHASE_STRIP = NO;
				DEBUG_INFORMATION_FORMAT = "dwarf-with-dsym";
				ENABLE_NS_ASSERTIONS = NO;
				ENABLE_STRICT_OBJC_MSGSEND = YES;
				ENABLE_USER_SCRIPT_SANDBOXING = YES;
				GCC_C_LANGUAGE_STANDARD = gnu17;
				GCC_NO_COMMON_BLOCKS = YES;
				GCC_WARN_64_TO_32_BIT_CONVERSION = YES;
				GCC_WARN_ABOUT_RETURN_TYPE = YES_ERROR;
				GCC_WARN_UNDECLARED_SELECTOR = YES;
				GCC_WARN_UNINITIALIZED_AUTOS = YES_AGGRESSIVE;
				GCC_WARN_UNUSED_FUNCTION = YES;
				GCC_WARN_UNUSED_VARIABLE = YES;
				IPHONEOS_DEPLOYMENT_TARGET = 17.0;
				LOCALIZATION_PREFERS_STRING_CATALOGS = YES;
				MTL_ENABLE_DEBUG_INFO = NO;
				MTL_FAST_MATH = YES;
				SDKROOT = iphoneos;
				SWIFT_COMPILATION_MODE = wholemodule;
				VALIDATE_PRODUCT = YES;
			};
			name = Release;
		};
		BC8B37282BDACE21009EAFCF /* Debug */ = {
			isa = XCBuildConfiguration;
			buildSettings = {
				ASSETCATALOG_COMPILER_APPICON_NAME = AppIcon;
				ASSETCATALOG_COMPILER_GLOBAL_ACCENT_COLOR_NAME = AccentColor;
				CODE_SIGN_STYLE = Automatic;
				CURRENT_PROJECT_VERSION = 1;
				DEVELOPMENT_ASSET_PATHS = "\"ElasticScroll/Preview Content\"";
				ENABLE_PREVIEWS = YES;
				GENERATE_INFOPLIST_FILE = YES;
				INFOPLIST_KEY_UIApplicationSceneManifest_Generation = YES;
				INFOPLIST_KEY_UIApplicationSupportsIndirectInputEvents = YES;
				INFOPLIST_KEY_UILaunchScreen_Generation = YES;
				INFOPLIST_KEY_UISupportedInterfaceOrientations_iPad = "UIInterfaceOrientationPortrait UIInterfaceOrientationPortraitUpsideDown UIInterfaceOrientationLandscapeLeft UIInterfaceOrientationLandscapeRight";
				INFOPLIST_KEY_UISupportedInterfaceOrientations_iPhone = "UIInterfaceOrientationPortrait UIInterfaceOrientationLandscapeLeft UIInterfaceOrientationLandscapeRight";
				LD_RUNPATH_SEARCH_PATHS = (
					"$(inherited)",
					"@executable_path/Frameworks",
				);
				MARKETING_VERSION = 1.0;
				PRODUCT_BUNDLE_IDENTIFIER = com.oleandrobastos.ElasticScroll;
				PRODUCT_NAME = "$(TARGET_NAME)";
				SWIFT_EMIT_LOC_STRINGS = YES;
				SWIFT_VERSION = 5.0;
				TARGETED_DEVICE_FAMILY = "1,2";
			};
			name = Debug;
		};
		BC8B37292BDACE21009EAFCF /* Release */ = {
			isa = XCBuildConfiguration;
			buildSettings = {
				ASSETCATALOG_COMPILER_APPICON_NAME = AppIcon;
				ASSETCATALOG_COMPILER_GLOBAL_ACCENT_COLOR_NAME = AccentColor;
				CODE_SIGN_STYLE = Automatic;
				CURRENT_PROJECT_VERSION = 1;
				DEVELOPMENT_ASSET_PATHS = "\"ElasticScroll/Preview Content\"";
				ENABLE_PREVIEWS = YES;
				GENERATE_INFOPLIST_FILE = YES;
				INFOPLIST_KEY_UIApplicationSceneManifest_Generation = YES;
				INFOPLIST_KEY_UIApplicationSupportsIndirectInputEvents = YES;
				INFOPLIST_KEY_UILaunchScreen_Generation = YES;
				INFOPLIST_KEY_UISupportedInterfaceOrientations_iPad = "UIInterfaceOrientationPortrait UIInterfaceOrientationPortraitUpsideDown UIInterfaceOrientationLandscapeLeft UIInterfaceOrientationLandscapeRight";
				INFOPLIST_KEY_UISupportedInterfaceOrientations_iPhone = "UIInterfaceOrientationPortrait UIInterfaceOrientationLandscapeLeft UIInterfaceOrientationLandscapeRight";
				LD_RUNPATH_SEARCH_PATHS = (
					"$(inherited)",
					"@executable_path/Frameworks",
				);
				MARKETING_VERSION = 1.0;
				PRODUCT_BUNDLE_IDENTIFIER = com.oleandrobastos.ElasticScroll;
				PRODUCT_NAME = "$(TARGET_NAME)";
				SWIFT_EMIT_LOC_STRINGS = YES;
				SWIFT_VERSION = 5.0;
				TARGETED_DEVICE_FAMILY = "1,2";
			};
			name = Release;
		};
/* End XCBuildConfiguration section */

/* Begin XCConfigurationList section */
		BC8B37142BDACE1F009EAFCF /* Build configuration list for PBXProject "ElasticScroll" */ = {
			isa = XCConfigurationList;
			buildConfigurations = (
				BC8B37252BDACE21009EAFCF /* Debug */,
				BC8B37262BDACE21009EAFCF /* Release */,
			);
			defaultConfigurationIsVisible = 0;
			defaultConfigurationName = Release;
		};
		BC8B37272BDACE21009EAFCF /* Build configuration list for PBXNativeTarget "ElasticScroll" */ = {
			isa = XCConfigurationList;
			buildConfigurations = (
				BC8B37282BDACE21009EAFCF /* Debug */,
				BC8B37292BDACE21009EAFCF /* Release */,
			);
			defaultConfigurationIsVisible = 0;
			defaultConfigurationName = Release;
		};
/* End XCConfigurationList section */
	};
	rootObject = BC8B37112BDACE1F009EAFCF /* Project object */;
}
